
Microsoft Visual Studio Solution File, Format Version 12.00
# Visual Studio Version 16
VisualStudioVersion = 16.0.30320.27
MinimumVisualStudioVersion = 10.0.40219.1
Project("{FAE04EC0-301F-11D3-BF4B-00C04F79EFBC}") = "ImportDb", "ImportDb\ImportDb.csproj", "{C65D337E-8BE3-4906-9E85-4B38B6C26791}"
EndProject
Global
	GlobalSection(SolutionConfigurationPlatforms) = preSolution
		Debug|Any CPU = Debug|Any CPU
		Release|Any CPU = Release|Any CPU
	EndGlobalSection
	GlobalSection(ProjectConfigurationPlatforms) = postSolution
		{C65D337E-8BE3-4906-9E85-4B38B6C26791}.Debug|Any CPU.ActiveCfg = Debug|Any CPU
		{C65D337E-8BE3-4906-9E85-4B38B6C26791}.Debug|Any CPU.Build.0 = Debug|Any CPU
		{C65D337E-8BE3-4906-9E85-4B38B6C26791}.Release|Any CPU.ActiveCfg = Release|Any CPU
		{C65D337E-8BE3-4906-9E85-4B38B6C26791}.Release|Any CPU.Build.0 = Release|Any CPU
	EndGlobalSection
	GlobalSection(SolutionProperties) = preSolution
		HideSolutionNode = FALSE
	EndGlobalSection
	GlobalSection(ExtensibilityGlobals) = postSolution
		SolutionGuid = {3CB4A0B5-5C2E-49E1-B4BD-D8BD21B423C3}
	EndGlobalSection
EndGlobal
